github.com/micro/services v0.17.0 h1:iDqiW6QQbNMrHWL9mbrdCnBQKL1hpfxofRZ9W12j6jM=
github.com/micro/services/url/proxy v0.0.0-20210518132129-d56e24ea9fb7 h1:fz5fJWa8UHu3W7LYu2OxPBZ53pY/xOVMZK0ybink0xw=
github.com/micro/services/url/proxy v0.0.0-20210518132129-d56e24ea9fb7/go.mod h1:svlvfotBe5PgueWZw1TAz1LkpOFy/NFz5JOg6yo41tM=
